// !$*UTF8*$!
{
	archiveVersion = 1;
	classes = {
	};
	objectVersion = 50;
	objects = {

/* Begin PBXBuildFile section */
		B49D3CE12737A856009F9364 /* photoCodeApp.swift in Sources */ = {isa = PBXBuildFile; fileRef = B49D3CE02737A856009F9364 /* photoCodeApp.swift */; };
		B49D3CE32737A856009F9364 /* ContentView.swift in Sources */ = {isa = PBXBuildFile; fileRef = B49D3CE22737A856009F9364 /* ContentView.swift */; };
		B49D3CE52737A858009F9364 /* Assets.xcassets in Resources */ = {isa = PBXBuildFile; fileRef = B49D3CE42737A858009F9364 /* Assets.xcassets */; };
		B49D3CE82737A858009F9364 /* Preview Assets.xcassets in Resources */ = {isa = PBXBuildFile; fileRef = B49D3CE72737A858009F9364 /* Preview Assets.xcassets */; };
		B49D3CF32737A858009F9364 /* testTests.swift in Sources */ = {isa = PBXBuildFile; fileRef = B49D3CF22737A858009F9364 /* testTests.swift */; };
		B49D3CFE2737A858009F9364 /* testUITests.swift in Sources */ = {isa = PBXBuildFile; fileRef = B49D3CFD2737A858009F9364 /* testUITests.swift */; };
		B49D3D13273894FE009F9364 /* cameraView.swift in Sources */ = {isa = PBXBuildFile; fileRef = B49D3D12273894FE009F9364 /* cameraView.swift */; };
		B4C4255B27390257000BEADF /* compilerView.swift in Sources */ = {isa = PBXBuildFile; fileRef = B4C4255A27390257000BEADF /* compilerView.swift */; };
/* End PBXBuildFile section */

/* Begin PBXContainerItemProxy section */
		B49D3CEF2737A858009F9364 /* PBXContainerItemProxy */ = {
			isa = PBXContainerItemProxy;
			containerPortal = B49D3CD52737A856009F9364 /* Project object */;
			proxyType = 1;
			remoteGlobalIDString = B49D3CDC2737A856009F9364;
			remoteInfo = test;
		};
		B49D3CFA2737A858009F9364 /* PBXContainerItemProxy */ = {
			isa = PBXContainerItemProxy;
			containerPortal = B49D3CD52737A856009F9364 /* Project object */;
			proxyType = 1;
			remoteGlobalIDString = B49D3CDC2737A856009F9364;
			remoteInfo = test;
		};
/* End PBXContainerItemProxy section */

/* Begin PBXFileReference section */
		B49D3CDD2737A856009F9364 /* test.app */ = {isa = PBXFileReference; explicitFileType = wrapper.application; includeInIndex = 0; path = test.app; sourceTree = BUILT_PRODUCTS_DIR; };
		B49D3CE02737A856009F9364 /* photoCodeApp.swift */ = {isa = PBXFileReference; lastKnownFileType = sourcecode.swift; path = photoCodeApp.swift; sourceTree = "<group>"; };
		B49D3CE22737A856009F9364 /* ContentView.swift */ = {isa = PBXFileReference; lastKnownFileType = sourcecode.swift; path = ContentView.swift; sourceTree = "<group>"; };
		B49D3CE42737A858009F9364 /* Assets.xcassets */ = {isa = PBXFileReference; lastKnownFileType = folder.assetcatalog; path = Assets.xcassets; sourceTree = "<group>"; };
		B49D3CE72737A858009F9364 /* Preview Assets.xcassets */ = {isa = PBXFileReference; lastKnownFileType = folder.assetcatalog; path = "Preview Assets.xcassets"; sourceTree = "<group>"; };
		B49D3CE92737A858009F9364 /* Info.plist */ = {isa = PBXFileReference; lastKnownFileType = text.plist.xml; path = Info.plist; sourceTree = "<group>"; };
		B49D3CEE2737A858009F9364 /* testTests.xctest */ = {isa = PBXFileReference; explicitFileType = wrapper.cfbundle; includeInIndex = 0; path = testTests.xctest; sourceTree = BUILT_PRODUCTS_DIR; };
		B49D3CF22737A858009F9364 /* testTests.swift */ = {isa = PBXFileReference; lastKnownFileType = sourcecode.swift; path = testTests.swift; sourceTree = "<group>"; };
		B49D3CF42737A858009F9364 /* Info.plist */ = {isa = PBXFileReference; lastKnownFileType = text.plist.xml; path = Info.plist; sourceTree = "<group>"; };
		B49D3CF92737A858009F9364 /* testUITests.xctest */ = {isa = PBXFileReference; explicitFileType = wrapper.cfbundle; includeInIndex = 0; path = testUITests.xctest; sourceTree = BUILT_PRODUCTS_DIR; };
		B49D3CFD2737A858009F9364 /* testUITests.swift */ = {isa = PBXFileReference; lastKnownFileType = sourcecode.swift; path = testUITests.swift; sourceTree = "<group>"; };
		B49D3CFF2737A858009F9364 /* Info.plist */ = {isa = PBXFileReference; lastKnownFileType = text.plist.xml; path = Info.plist; sourceTree = "<group>"; };
		B49D3D12273894FE009F9364 /* cameraView.swift */ = {isa = PBXFileReference; lastKnownFileType = sourcecode.swift; path = cameraView.swift; sourceTree = "<group>"; };
		B4C4255A27390257000BEADF /* compilerView.swift */ = {isa = PBXFileReference; lastKnownFileType = sourcecode.swift; path = compilerView.swift; sourceTree = "<group>"; };
/* End PBXFileReference section */

/* Begin PBXFrameworksBuildPhase section */
		B49D3CDA2737A856009F9364 /* Frameworks */ = {
			isa = PBXFrameworksBuildPhase;
			buildActionMask = 2147483647;
			files = (
			);
			runOnlyForDeploymentPostprocessing = 0;
		};
		B49D3CEB2737A858009F9364 /* Frameworks */ = {
			isa = PBXFrameworksBuildPhase;
			buildActionMask = 2147483647;
			files = (
			);
			runOnlyForDeploymentPostprocessing = 0;
		};
		B49D3CF62737A858009F9364 /* Frameworks */ = {
			isa = PBXFrameworksBuildPhase;
			buildActionMask = 2147483647;
			files = (
			);
			runOnlyForDeploymentPostprocessing = 0;
		};
/* End PBXFrameworksBuildPhase section */

/* Begin PBXGroup section */
		B49D3CD42737A856009F9364 = {
			isa = PBXGroup;
			children = (
				B49D3CDF2737A856009F9364 /* test */,
				B49D3CF12737A858009F9364 /* testTests */,
				B49D3CFC2737A858009F9364 /* testUITests */,
				B49D3CDE2737A856009F9364 /* Products */,
			);
			sourceTree = "<group>";
		};
		B49D3CDE2737A856009F9364 /* Products */ = {
			isa = PBXGroup;
			children = (
				B49D3CDD2737A856009F9364 /* test.app */,
				B49D3CEE2737A858009F9364 /* testTests.xctest */,
				B49D3CF92737A858009F9364 /* testUITests.xctest */,
			);
			name = Products;
			sourceTree = "<group>";
		};
		B49D3CDF2737A856009F9364 /* test */ = {
			isa = PBXGroup;
			children = (
				B49D3CE02737A856009F9364 /* photoCodeApp.swift */,
				B49D3CE22737A856009F9364 /* ContentView.swift */,
				B4C4255A27390257000BEADF /* compilerView.swift */,
				B49D3D12273894FE009F9364 /* cameraView.swift */,
				B49D3CE42737A858009F9364 /* Assets.xcassets */,
				B49D3CE92737A858009F9364 /* Info.plist */,
				B49D3CE62737A858009F9364 /* Preview Content */,
			);
			path = test;
			sourceTree = "<group>";
		};
		B49D3CE62737A858009F9364 /* Preview Content */ = {
			isa = PBXGroup;
			children = (
				B49D3CE72737A858009F9364 /* Preview Assets.xcassets */,
			);
			path = "Preview Content";
			sourceTree = "<group>";
		};
		B49D3CF12737A858009F9364 /* testTests */ = {
			isa = PBXGroup;
			children = (
				B49D3CF22737A858009F9364 /* testTests.swift */,
				B49D3CF42737A858009F9364 /* Info.plist */,
			);
			path = testTests;
			sourceTree = "<group>";
		};
		B49D3CFC2737A858009F9364 /* testUITests */ = {
			isa = PBXGroup;
			children = (
				B49D3CFD2737A858009F9364 /* testUITests.swift */,
				B49D3CFF2737A858009F9364 /* Info.plist */,
			);
			path = testUITests;
			sourceTree = "<group>";
		};
/* End PBXGroup section */

/* Begin PBXNativeTarget section */
		B49D3CDC2737A856009F9364 /* test */ = {
			isa = PBXNativeTarget;
			buildConfigurationList = B49D3D022737A858009F9364 /* Build configuration list for PBXNativeTarget "test" */;
			buildPhases = (
				B49D3CD92737A856009F9364 /* Sources */,
				B49D3CDA2737A856009F9364 /* Frameworks */,
				B49D3CDB2737A856009F9364 /* Resources */,
			);
			buildRules = (
			);
			dependencies = (
			);
			name = test;
			productName = test;
			productReference = B49D3CDD2737A856009F9364 /* test.app */;
			productType = "com.apple.product-type.application";
		};
		B49D3CED2737A858009F9364 /* testTests */ = {
			isa = PBXNativeTarget;
			buildConfigurationList = B49D3D052737A858009F9364 /* Build configuration list for PBXNativeTarget "testTests" */;
			buildPhases = (
				B49D3CEA2737A858009F9364 /* Sources */,
				B49D3CEB2737A858009F9364 /* Frameworks */,
				B49D3CEC2737A858009F9364 /* Resources */,
			);
			buildRules = (
			);
			dependencies = (
				B49D3CF02737A858009F9364 /* PBXTargetDependency */,
			);
			name = testTests;
			productName = testTests;
			productReference = B49D3CEE2737A858009F9364 /* testTests.xctest */;
			productType = "com.apple.product-type.bundle.unit-test";
		};
		B49D3CF82737A858009F9364 /* testUITests */ = {
			isa = PBXNativeTarget;
			buildConfigurationList = B49D3D082737A858009F9364 /* Build configuration list for PBXNativeTarget "testUITests" */;
			buildPhases = (
				B49D3CF52737A858009F9364 /* Sources */,
				B49D3CF62737A858009F9364 /* Frameworks */,
				B49D3CF72737A858009F9364 /* Resources */,
			);
			buildRules = (
			);
			dependencies = (
				B49D3CFB2737A858009F9364 /* PBXTargetDependency */,
			);
			name = testUITests;
			productName = testUITests;
			productReference = B49D3CF92737A858009F9364 /* testUITests.xctest */;
			productType = "com.apple.product-type.bundle.ui-testing";
		};
/* End PBXNativeTarget section */

/* Begin PBXProject section */
		B49D3CD52737A856009F9364 /* Project object */ = {
			isa = PBXProject;
			attributes = {
				LastSwiftUpdateCheck = 1240;
				LastUpgradeCheck = 1240;
				TargetAttributes = {
					B49D3CDC2737A856009F9364 = {
						CreatedOnToolsVersion = 12.4;
					};
					B49D3CED2737A858009F9364 = {
						CreatedOnToolsVersion = 12.4;
						TestTargetID = B49D3CDC2737A856009F9364;
					};
					B49D3CF82737A858009F9364 = {
						CreatedOnToolsVersion = 12.4;
						TestTargetID = B49D3CDC2737A856009F9364;
					};
				};
			};
			buildConfigurationList = B49D3CD82737A856009F9364 /* Build configuration list for PBXProject "photoCode" */;
			compatibilityVersion = "Xcode 9.3";
			developmentRegion = en;
			hasScannedForEncodings = 0;
			knownRegions = (
				en,
				Base,
			);
			mainGroup = B49D3CD42737A856009F9364;
			productRefGroup = B49D3CDE2737A856009F9364 /* Products */;
			projectDirPath = "";
			projectRoot = "";
			targets = (
				B49D3CDC2737A856009F9364 /* test */,
				B49D3CED2737A858009F9364 /* testTests */,
				B49D3CF82737A858009F9364 /* testUITests */,
			);
		};
/* End PBXProject section */

/* Begin PBXResourcesBuildPhase section */
		B49D3CDB2737A856009F9364 /* Resources */ = {
			isa = PBXResourcesBuildPhase;
			buildActionMask = 2147483647;
			files = (
				B49D3CE82737A858009F9364 /* Preview Assets.xcassets in Resources */,
				B49D3CE52737A858009F9364 /* Assets.xcassets in Resources */,
			);
			runOnlyForDeploymentPostprocessing = 0;
		};
		B49D3CEC2737A858009F9364 /* Resources */ = {
			isa = PBXResourcesBuildPhase;
			buildActionMask = 2147483647;
			files = (
			);
			runOnlyForDeploymentPostprocessing = 0;
		};
		B49D3CF72737A858009F9364 /* Resources */ = {
			isa = PBXResourcesBuildPhase;
			buildActionMask = 2147483647;
			files = (
			);
			runOnlyForDeploymentPostprocessing = 0;
		};
/* End PBXResourcesBuildPhase section */

/* Begin PBXSourcesBuildPhase section */
		B49D3CD92737A856009F9364 /* Sources */ = {
			isa = PBXSourcesBuildPhase;
			buildActionMask = 2147483647;
			files = (
				B49D3CE32737A856009F9364 /* ContentView.swift in Sources */,
				B49D3CE12737A856009F9364 /* photoCodeApp.swift in Sources */,
				B49D3D13273894FE009F9364 /* cameraView.swift in Sources */,
				B4C4255B27390257000BEADF /* compilerView.swift in Sources */,
			);
			runOnlyForDeploymentPostprocessing = 0;
		};
		B49D3CEA2737A858009F9364 /* Sources */ = {
			isa = PBXSourcesBuildPhase;
			buildActionMask = 2147483647;
			files = (
				B49D3CF32737A858009F9364 /* testTests.swift in Sources */,
			);
			runOnlyForDeploymentPostprocessing = 0;
		};
		B49D3CF52737A858009F9364 /* Sources */ = {
			isa = PBXSourcesBuildPhase;
			buildActionMask = 2147483647;
			files = (
				B49D3CFE2737A858009F9364 /* testUITests.swift in Sources */,
			);
			runOnlyForDeploymentPostprocessing = 0;
		};
/* End PBXSourcesBuildPhase section */

/* Begin PBXTargetDependency section */
		B49D3CF02737A858009F9364 /* PBXTargetDependency */ = {
			isa = PBXTargetDependency;
			target = B49D3CDC2737A856009F9364 /* test */;
			targetProxy = B49D3CEF2737A858009F9364 /* PBXContainerItemProxy */;
		};
		B49D3CFB2737A858009F9364 /* PBXTargetDependency */ = {
			isa = PBXTargetDependency;
			target = B49D3CDC2737A856009F9364 /* test */;
			targetProxy = B49D3CFA2737A858009F9364 /* PBXContainerItemProxy */;
		};
/* End PBXTargetDependency section */

/* Begin XCBuildConfiguration section */
		B49D3D002737A858009F9364 /* Debug */ = {
			isa = XCBuildConfiguration;
			buildSettings = {
				ALWAYS_SEARCH_USER_PATHS = NO;
				CLANG_ANALYZER_NONNULL = YES;
				CLANG_ANALYZER_NUMBER_OBJECT_CONVERSION = YES_AGGRESSIVE;
				CLANG_CXX_LANGUAGE_STANDARD = "gnu++14";
				CLANG_CXX_LIBRARY = "libc++";
				CLANG_ENABLE_MODULES = YES;
				CLANG_ENABLE_OBJC_ARC = YES;
				CLANG_ENABLE_OBJC_WEAK = YES;
				CLANG_WARN_BLOCK_CAPTURE_AUTORELEASING = YES;
				CLANG_WARN_BOOL_CONVERSION = YES;
				CLANG_WARN_COMMA = YES;
				CLANG_WARN_CONSTANT_CONVERSION = YES;
				CLANG_WARN_DEPRECATED_OBJC_IMPLEMENTATIONS = YES;
				CLANG_WARN_DIRECT_OBJC_ISA_USAGE = YES_ERROR;
				CLANG_WARN_DOCUMENTATION_COMMENTS = YES;
				CLANG_WARN_EMPTY_BODY = YES;
				CLANG_WARN_ENUM_CONVERSION = YES;
				CLANG_WARN_INFINITE_RECURSION = YES;
				CLANG_WARN_INT_CONVERSION = YES;
				CLANG_WARN_NON_LITERAL_NULL_CONVERSION = YES;
				CLANG_WARN_OBJC_IMPLICIT_RETAIN_SELF = YES;
				CLANG_WARN_OBJC_LITERAL_CONVERSION = YES;
				CLANG_WARN_OBJC_ROOT_CLASS = YES_ERROR;
				CLANG_WARN_QUOTED_INCLUDE_IN_FRAMEWORK_HEADER = YES;
				CLANG_WARN_RANGE_LOOP_ANALYSIS = YES;
				CLANG_WARN_STRICT_PROTOTYPES = YES;
				CLANG_WARN_SUSPICIOUS_MOVE = YES;
				CLANG_WARN_UNGUARDED_AVAILABILITY = YES_AGGRESSIVE;
				CLANG_WARN_UNREACHABLE_CODE = YES;
				CLANG_WARN__DUPLICATE_METHOD_MATCH = YES;
				COPY_PHASE_STRIP = NO;
				DEBUG_INFORMATION_FORMAT = dwarf;
				ENABLE_STRICT_OBJC_MSGSEND = YES;
				ENABLE_TESTABILITY = YES;
				GCC_C_LANGUAGE_STANDARD = gnu11;
				GCC_DYNAMIC_NO_PIC = NO;
				GCC_NO_COMMON_BLOCKS = YES;
				GCC_OPTIMIZATION_LEVEL = 0;
				GCC_PREPROCESSOR_DEFINITIONS = (
					"DEBUG=1",
					"$(inherited)",
				);
				GCC_WARN_64_TO_32_BIT_CONVERSION = YES;
				GCC_WARN_ABOUT_RETURN_TYPE = YES_ERROR;
				GCC_WARN_UNDECLARED_SELECTOR = YES;
				GCC_WARN_UNINITIALIZED_AUTOS = YES_AGGRESSIVE;
				GCC_WARN_UNUSED_FUNCTION = YES;
				GCC_WARN_UNUSED_VARIABLE = YES;
				IPHONEOS_DEPLOYMENT_TARGET = 14.4;
				MTL_ENABLE_DEBUG_INFO = INCLUDE_SOURCE;
				MTL_FAST_MATH = YES;
				ONLY_ACTIVE_ARCH = YES;
				SDKROOT = iphoneos;
				SWIFT_ACTIVE_COMPILATION_CONDITIONS = DEBUG;
				SWIFT_OPTIMIZATION_LEVEL = "-Onone";
			};
			name = Debug;
		};
		B49D3D012737A858009F9364 /* Release */ = {
			isa = XCBuildConfiguration;
			buildSettings = {
				ALWAYS_SEARCH_USER_PATHS = NO;
				CLANG_ANALYZER_NONNULL = YES;
				CLANG_ANALYZER_NUMBER_OBJECT_CONVERSION = YES_AGGRESSIVE;
				CLANG_CXX_LANGUAGE_STANDARD = "gnu++14";
				CLANG_CXX_LIBRARY = "libc++";
				CLANG_ENABLE_MODULES = YES;
				CLANG_ENABLE_OBJC_ARC = YES;
				CLANG_ENABLE_OBJC_WEAK = YES;
				CLANG_WARN_BLOCK_CAPTURE_AUTORELEASING = YES;
				CLANG_WARN_BOOL_CONVERSION = YES;
				CLANG_WARN_COMMA = YES;
				CLANG_WARN_CONSTANT_CONVERSION = YES;
				CLANG_WARN_DEPRECATED_OBJC_IMPLEMENTATIONS = YES;
				CLANG_WARN_DIRECT_OBJC_ISA_USAGE = YES_ERROR;
				CLANG_WARN_DOCUMENTATION_COMMENTS = YES;
				CLANG_WARN_EMPTY_BODY = YES;
				CLANG_WARN_ENUM_CONVERSION = YES;
				CLANG_WARN_INFINITE_RECURSION = YES;
				CLANG_WARN_INT_CONVERSION = YES;
				CLANG_WARN_NON_LITERAL_NULL_CONVERSION = YES;
				CLANG_WARN_OBJC_IMPLICIT_RETAIN_SELF = YES;
				CLANG_WARN_OBJC_LITERAL_CONVERSION = YES;
				CLANG_WARN_OBJC_ROOT_CLASS = YES_ERROR;
				CLANG_WARN_QUOTED_INCLUDE_IN_FRAMEWORK_HEADER = YES;
				CLANG_WARN_RANGE_LOOP_ANALYSIS = YES;
				CLANG_WARN_STRICT_PROTOTYPES = YES;
				CLANG_WARN_SUSPICIOUS_MOVE = YES;
				CLANG_WARN_UNGUARDED_AVAILABILITY = YES_AGGRESSIVE;
				CLANG_WARN_UNREACHABLE_CODE = YES;
				CLANG_WARN__DUPLICATE_METHOD_MATCH = YES;
				COPY_PHASE_STRIP = NO;
				DEBUG_INFORMATION_FORMAT = "dwarf-with-dsym";
				ENABLE_NS_ASSERTIONS = NO;
				ENABLE_STRICT_OBJC_MSGSEND = YES;
				GCC_C_LANGUAGE_STANDARD = gnu11;
				GCC_NO_COMMON_BLOCKS = YES;
				GCC_WARN_64_TO_32_BIT_CONVERSION = YES;
				GCC_WARN_ABOUT_RETURN_TYPE = YES_ERROR;
				GCC_WARN_UNDECLARED_SELECTOR = YES;
				GCC_WARN_UNINITIALIZED_AUTOS = YES_AGGRESSIVE;
				GCC_WARN_UNUSED_FUNCTION = YES;
				GCC_WARN_UNUSED_VARIABLE = YES;
				IPHONEOS_DEPLOYMENT_TARGET = 14.4;
				MTL_ENABLE_DEBUG_INFO = NO;
				MTL_FAST_MATH = YES;
				SDKROOT = iphoneos;
				SWIFT_COMPILATION_MODE = wholemodule;
				SWIFT_OPTIMIZATION_LEVEL = "-O";
				VALIDATE_PRODUCT = YES;
			};
			name = Release;
		};
		B49D3D032737A858009F9364 /* Debug */ = {
			isa = XCBuildConfiguration;
			buildSettings = {
				ASSETCATALOG_COMPILER_APPICON_NAME = AppIcon;
				ASSETCATALOG_COMPILER_GLOBAL_ACCENT_COLOR_NAME = AccentColor;
				CODE_SIGN_STYLE = Automatic;
				DEVELOPMENT_ASSET_PATHS = "\"test/Preview Content\"";
				ENABLE_PREVIEWS = YES;
				INFOPLIST_FILE = test/Info.plist;
				IPHONEOS_DEPLOYMENT_TARGET = 14.0;
				LD_RUNPATH_SEARCH_PATHS = (
					"$(inherited)",
					"@executable_path/Frameworks",
				);
				PRODUCT_BUNDLE_IDENTIFIER = appTest.test;
				PRODUCT_NAME = "$(TARGET_NAME)";
				SWIFT_VERSION = 5.0;
				TARGETED_DEVICE_FAMILY = "1,2";
			};
			name = Debug;
		};
		B49D3D042737A858009F9364 /* Release */ = {
			isa = XCBuildConfiguration;
			buildSettings = {
				ASSETCATALOG_COMPILER_APPICON_NAME = AppIcon;
				ASSETCATALOG_COMPILER_GLOBAL_ACCENT_COLOR_NAME = AccentColor;
				CODE_SIGN_STYLE = Automatic;
				DEVELOPMENT_ASSET_PATHS = "\"test/Preview Content\"";
				ENABLE_PREVIEWS = YES;
				INFOPLIST_FILE = test/Info.plist;
				IPHONEOS_DEPLOYMENT_TARGET = 14.0;
				LD_RUNPATH_SEARCH_PATHS = (
					"$(inherited)",
					"@executable_path/Frameworks",
				);
				PRODUCT_BUNDLE_IDENTIFIER = appTest.test;
				PRODUCT_NAME = "$(TARGET_NAME)";
				SWIFT_VERSION = 5.0;
				TARGETED_DEVICE_FAMILY = "1,2";
			};
			name = Release;
		};
		B49D3D062737A858009F9364 /* Debug */ = {
			isa = XCBuildConfiguration;
			buildSettings = {
				ALWAYS_EMBED_SWIFT_STANDARD_LIBRARIES = YES;
				BUNDLE_LOADER = "$(TEST_HOST)";
				CODE_SIGN_STYLE = Automatic;
				INFOPLIST_FILE = testTests/Info.plist;
				IPHONEOS_DEPLOYMENT_TARGET = 14.0;
				LD_RUNPATH_SEARCH_PATHS = (
					"$(inherited)",
					"@executable_path/Frameworks",
					"@loader_path/Frameworks",
				);
				PRODUCT_BUNDLE_IDENTIFIER = appTest.testTests;
				PRODUCT_NAME = "$(TARGET_NAME)";
				SWIFT_VERSION = 5.0;
				TARGETED_DEVICE_FAMILY = "1,2";
				TEST_HOST = "$(BUILT_PRODUCTS_DIR)/test.app/test";
			};
			name = Debug;
		};
		B49D3D072737A858009F9364 /* Release */ = {
			isa = XCBuildConfiguration;
			buildSettings = {
				ALWAYS_EMBED_SWIFT_STANDARD_LIBRARIES = YES;
				BUNDLE_LOADER = "$(TEST_HOST)";
				CODE_SIGN_STYLE = Automatic;
				INFOPLIST_FILE = testTests/Info.plist;
				IPHONEOS_DEPLOYMENT_TARGET = 14.0;
				LD_RUNPATH_SEARCH_PATHS = (
					"$(inherited)",
					"@executable_path/Frameworks",
					"@loader_path/Frameworks",
				);
				PRODUCT_BUNDLE_IDENTIFIER = appTest.testTests;
				PRODUCT_NAME = "$(TARGET_NAME)";
				SWIFT_VERSION = 5.0;
				TARGETED_DEVICE_FAMILY = "1,2";
				TEST_HOST = "$(BUILT_PRODUCTS_DIR)/test.app/test";
			};
			name = Release;
		};
		B49D3D092737A858009F9364 /* Debug */ = {
			isa = XCBuildConfiguration;
			buildSettings = {
				ALWAYS_EMBED_SWIFT_STANDARD_LIBRARIES = YES;
				CODE_SIGN_STYLE = Automatic;
				INFOPLIST_FILE = testUITests/Info.plist;
				LD_RUNPATH_SEARCH_PATHS = (
					"$(inherited)",
					"@executable_path/Frameworks",
					"@loader_path/Frameworks",
				);
				PRODUCT_BUNDLE_IDENTIFIER = appTest.testUITests;
				PRODUCT_NAME = "$(TARGET_NAME)";
				SWIFT_VERSION = 5.0;
				TARGETED_DEVICE_FAMILY = "1,2";
				TEST_TARGET_NAME = test;
			};
			name = Debug;
		};
		B49D3D0A2737A858009F9364 /* Release */ = {
			isa = XCBuildConfiguration;
			buildSettings = {
				ALWAYS_EMBED_SWIFT_STANDARD_LIBRARIES = YES;
				CODE_SIGN_STYLE = Automatic;
				INFOPLIST_FILE = testUITests/Info.plist;
				LD_RUNPATH_SEARCH_PATHS = (
					"$(inherited)",
					"@executable_path/Frameworks",
					"@loader_path/Frameworks",
				);
				PRODUCT_BUNDLE_IDENTIFIER = appTest.testUITests;
				PRODUCT_NAME = "$(TARGET_NAME)";
				SWIFT_VERSION = 5.0;
				TARGETED_DEVICE_FAMILY = "1,2";
				TEST_TARGET_NAME = test;
			};
			name = Release;
		};
/* End XCBuildConfiguration section */

/* Begin XCConfigurationList section */
		B49D3CD82737A856009F9364 /* Build configuration list for PBXProject "photoCode" */ = {
			isa = XCConfigurationList;
			buildConfigurations = (
				B49D3D002737A858009F9364 /* Debug */,
				B49D3D012737A858009F9364 /* Release */,
			);
			defaultConfigurationIsVisible = 0;
			defaultConfigurationName = Release;
		};
		B49D3D022737A858009F9364 /* Build configuration list for PBXNativeTarget "test" */ = {
			isa = XCConfigurationList;
			buildConfigurations = (
				B49D3D032737A858009F9364 /* Debug */,
				B49D3D042737A858009F9364 /* Release */,
			);
			defaultConfigurationIsVisible = 0;
			defaultConfigurationName = Release;
		};
		B49D3D052737A858009F9364 /* Build configuration list for PBXNativeTarget "testTests" */ = {
			isa = XCConfigurationList;
			buildConfigurations = (
				B49D3D062737A858009F9364 /* Debug */,
				B49D3D072737A858009F9364 /* Release */,
			);
			defaultConfigurationIsVisible = 0;
			defaultConfigurationName = Release;
		};
		B49D3D082737A858009F9364 /* Build configuration list for PBXNativeTarget "testUITests" */ = {
			isa = XCConfigurationList;
			buildConfigurations = (
				B49D3D092737A858009F9364 /* Debug */,
				B49D3D0A2737A858009F9364 /* Release */,
			);
			defaultConfigurationIsVisible = 0;
			defaultConfigurationName = Release;
		};
/* End XCConfigurationList section */
	};
	rootObject = B49D3CD52737A856009F9364 /* Project object */;
}
