// !$*UTF8*$!
{
	archiveVersion = 1;
	classes = {
	};
	objectVersion = 50;
	objects = {

/* Begin PBXBuildFile section */
		B472971B273D04290098FEAE /* photoCodeAppApp.swift in Sources */ = {isa = PBXBuildFile; fileRef = B472971A273D04290098FEAE /* photoCodeAppApp.swift */; };
		B472971D273D04290098FEAE /* ContentView.swift in Sources */ = {isa = PBXBuildFile; fileRef = B472971C273D04290098FEAE /* ContentView.swift */; };
		B472971F273D042A0098FEAE /* Assets.xcassets in Resources */ = {isa = PBXBuildFile; fileRef = B472971E273D042A0098FEAE /* Assets.xcassets */; };
		B4729722273D042A0098FEAE /* Preview Assets.xcassets in Resources */ = {isa = PBXBuildFile; fileRef = B4729721273D042A0098FEAE /* Preview Assets.xcassets */; };
		B472972D273D042A0098FEAE /* photoCodeAppTests.swift in Sources */ = {isa = PBXBuildFile; fileRef = B472972C273D042A0098FEAE /* photoCodeAppTests.swift */; };
		B4729738273D042A0098FEAE /* photoCodeAppUITests.swift in Sources */ = {isa = PBXBuildFile; fileRef = B4729737273D042A0098FEAE /* photoCodeAppUITests.swift */; };
		B4729750273D04AE0098FEAE /* ImagePicker.swift in Sources */ = {isa = PBXBuildFile; fileRef = B472974F273D04AE0098FEAE /* ImagePicker.swift */; };
		B4729755273D05550098FEAE /* PhotoCaptureView.swift in Sources */ = {isa = PBXBuildFile; fileRef = B4729754273D05550098FEAE /* PhotoCaptureView.swift */; };
		B472975A273D05760098FEAE /* SceneDelegate.swift in Sources */ = {isa = PBXBuildFile; fileRef = B4729759273D05760098FEAE /* SceneDelegate.swift */; };
		B472976B273FA6A00098FEAE /* TextView.swift in Sources */ = {isa = PBXBuildFile; fileRef = B472976A273FA6A00098FEAE /* TextView.swift */; };
		B4EB87C8274255CE002648AD /* compilerView.swift in Sources */ = {isa = PBXBuildFile; fileRef = B4EB87C7274255CE002648AD /* compilerView.swift */; };
		B4EB87CC27425E3A002648AD /* CustomTextField.swift in Sources */ = {isa = PBXBuildFile; fileRef = B4EB87CB27425E3A002648AD /* CustomTextField.swift */; };
/* End PBXBuildFile section */

/* Begin PBXContainerItemProxy section */
		B4729729273D042A0098FEAE /* PBXContainerItemProxy */ = {
			isa = PBXContainerItemProxy;
			containerPortal = B472970F273D04290098FEAE /* Project object */;
			proxyType = 1;
			remoteGlobalIDString = B4729716273D04290098FEAE;
			remoteInfo = photoCodeApp;
		};
		B4729734273D042A0098FEAE /* PBXContainerItemProxy */ = {
			isa = PBXContainerItemProxy;
			containerPortal = B472970F273D04290098FEAE /* Project object */;
			proxyType = 1;
			remoteGlobalIDString = B4729716273D04290098FEAE;
			remoteInfo = photoCodeApp;
		};
/* End PBXContainerItemProxy section */

/* Begin PBXFileReference section */
		B4729717273D04290098FEAE /* photoCodeApp.app */ = {isa = PBXFileReference; explicitFileType = wrapper.application; includeInIndex = 0; path = photoCodeApp.app; sourceTree = BUILT_PRODUCTS_DIR; };
		B472971A273D04290098FEAE /* photoCodeAppApp.swift */ = {isa = PBXFileReference; lastKnownFileType = sourcecode.swift; path = photoCodeAppApp.swift; sourceTree = "<group>"; };
		B472971C273D04290098FEAE /* ContentView.swift */ = {isa = PBXFileReference; lastKnownFileType = sourcecode.swift; path = ContentView.swift; sourceTree = "<group>"; };
		B472971E273D042A0098FEAE /* Assets.xcassets */ = {isa = PBXFileReference; lastKnownFileType = folder.assetcatalog; path = Assets.xcassets; sourceTree = "<group>"; };
		B4729721273D042A0098FEAE /* Preview Assets.xcassets */ = {isa = PBXFileReference; lastKnownFileType = folder.assetcatalog; path = "Preview Assets.xcassets"; sourceTree = "<group>"; };
		B4729723273D042A0098FEAE /* Info.plist */ = {isa = PBXFileReference; lastKnownFileType = text.plist.xml; path = Info.plist; sourceTree = "<group>"; };
		B4729728273D042A0098FEAE /* photoCodeAppTests.xctest */ = {isa = PBXFileReference; explicitFileType = wrapper.cfbundle; includeInIndex = 0; path = photoCodeAppTests.xctest; sourceTree = BUILT_PRODUCTS_DIR; };
		B472972C273D042A0098FEAE /* photoCodeAppTests.swift */ = {isa = PBXFileReference; lastKnownFileType = sourcecode.swift; path = photoCodeAppTests.swift; sourceTree = "<group>"; };
		B472972E273D042A0098FEAE /* Info.plist */ = {isa = PBXFileReference; lastKnownFileType = text.plist.xml; path = Info.plist; sourceTree = "<group>"; };
		B4729733273D042A0098FEAE /* photoCodeAppUITests.xctest */ = {isa = PBXFileReference; explicitFileType = wrapper.cfbundle; includeInIndex = 0; path = photoCodeAppUITests.xctest; sourceTree = BUILT_PRODUCTS_DIR; };
		B4729737273D042A0098FEAE /* photoCodeAppUITests.swift */ = {isa = PBXFileReference; lastKnownFileType = sourcecode.swift; path = photoCodeAppUITests.swift; sourceTree = "<group>"; };
		B4729739273D042A0098FEAE /* Info.plist */ = {isa = PBXFileReference; lastKnownFileType = text.plist.xml; path = Info.plist; sourceTree = "<group>"; };
		B472974F273D04AE0098FEAE /* ImagePicker.swift */ = {isa = PBXFileReference; lastKnownFileType = sourcecode.swift; path = ImagePicker.swift; sourceTree = "<group>"; };
		B4729754273D05550098FEAE /* PhotoCaptureView.swift */ = {isa = PBXFileReference; lastKnownFileType = sourcecode.swift; path = PhotoCaptureView.swift; sourceTree = "<group>"; };
		B4729759273D05760098FEAE /* SceneDelegate.swift */ = {isa = PBXFileReference; lastKnownFileType = sourcecode.swift; path = SceneDelegate.swift; sourceTree = "<group>"; };
		B472976A273FA6A00098FEAE /* TextView.swift */ = {isa = PBXFileReference; lastKnownFileType = sourcecode.swift; path = TextView.swift; sourceTree = "<group>"; };
		B4EB87C7274255CE002648AD /* compilerView.swift */ = {isa = PBXFileReference; lastKnownFileType = sourcecode.swift; path = compilerView.swift; sourceTree = "<group>"; };
		B4EB87CB27425E3A002648AD /* CustomTextField.swift */ = {isa = PBXFileReference; lastKnownFileType = sourcecode.swift; path = CustomTextField.swift; sourceTree = "<group>"; };
/* End PBXFileReference section */

/* Begin PBXFrameworksBuildPhase section */
		B4729714273D04290098FEAE /* Frameworks */ = {
			isa = PBXFrameworksBuildPhase;
			buildActionMask = 2147483647;
			files = (
			);
			runOnlyForDeploymentPostprocessing = 0;
		};
		B4729725273D042A0098FEAE /* Frameworks */ = {
			isa = PBXFrameworksBuildPhase;
			buildActionMask = 2147483647;
			files = (
			);
			runOnlyForDeploymentPostprocessing = 0;
		};
		B4729730273D042A0098FEAE /* Frameworks */ = {
			isa = PBXFrameworksBuildPhase;
			buildActionMask = 2147483647;
			files = (
			);
			runOnlyForDeploymentPostprocessing = 0;
		};
/* End PBXFrameworksBuildPhase section */

/* Begin PBXGroup section */
		B472970E273D04290098FEAE = {
			isa = PBXGroup;
			children = (
				B4729719273D04290098FEAE /* photoCodeApp */,
				B472972B273D042A0098FEAE /* photoCodeAppTests */,
				B4729736273D042A0098FEAE /* photoCodeAppUITests */,
				B4729718273D04290098FEAE /* Products */,
			);
			sourceTree = "<group>";
		};
		B4729718273D04290098FEAE /* Products */ = {
			isa = PBXGroup;
			children = (
				B4729717273D04290098FEAE /* photoCodeApp.app */,
				B4729728273D042A0098FEAE /* photoCodeAppTests.xctest */,
				B4729733273D042A0098FEAE /* photoCodeAppUITests.xctest */,
			);
			name = Products;
			sourceTree = "<group>";
		};
		B4729719273D04290098FEAE /* photoCodeApp */ = {
			isa = PBXGroup;
			children = (
				B472971A273D04290098FEAE /* photoCodeAppApp.swift */,
				B472971C273D04290098FEAE /* ContentView.swift */,
				B4EB87C7274255CE002648AD /* compilerView.swift */,
				B4729754273D05550098FEAE /* PhotoCaptureView.swift */,
				B472974F273D04AE0098FEAE /* ImagePicker.swift */,
				B472976A273FA6A00098FEAE /* TextView.swift */,
				B4729759273D05760098FEAE /* SceneDelegate.swift */,
				B4729723273D042A0098FEAE /* Info.plist */,
				B472971E273D042A0098FEAE /* Assets.xcassets */,
				B4729720273D042A0098FEAE /* Preview Content */,
				B4EB87CB27425E3A002648AD /* CustomTextField.swift */,
			);
			path = photoCodeApp;
			sourceTree = "<group>";
		};
		B4729720273D042A0098FEAE /* Preview Content */ = {
			isa = PBXGroup;
			children = (
				B4729721273D042A0098FEAE /* Preview Assets.xcassets */,
			);
			path = "Preview Content";
			sourceTree = "<group>";
		};
		B472972B273D042A0098FEAE /* photoCodeAppTests */ = {
			isa = PBXGroup;
			children = (
				B472972C273D042A0098FEAE /* photoCodeAppTests.swift */,
				B472972E273D042A0098FEAE /* Info.plist */,
			);
			path = photoCodeAppTests;
			sourceTree = "<group>";
		};
		B4729736273D042A0098FEAE /* photoCodeAppUITests */ = {
			isa = PBXGroup;
			children = (
				B4729737273D042A0098FEAE /* photoCodeAppUITests.swift */,
				B4729739273D042A0098FEAE /* Info.plist */,
			);
			path = photoCodeAppUITests;
			sourceTree = "<group>";
		};
/* End PBXGroup section */

/* Begin PBXNativeTarget section */
		B4729716273D04290098FEAE /* photoCodeApp */ = {
			isa = PBXNativeTarget;
			buildConfigurationList = B472973C273D042A0098FEAE /* Build configuration list for PBXNativeTarget "photoCodeApp" */;
			buildPhases = (
				B4729713273D04290098FEAE /* Sources */,
				B4729714273D04290098FEAE /* Frameworks */,
				B4729715273D04290098FEAE /* Resources */,
			);
			buildRules = (
			);
			dependencies = (
			);
			name = photoCodeApp;
			productName = photoCodeApp;
			productReference = B4729717273D04290098FEAE /* photoCodeApp.app */;
			productType = "com.apple.product-type.application";
		};
		B4729727273D042A0098FEAE /* photoCodeAppTests */ = {
			isa = PBXNativeTarget;
			buildConfigurationList = B472973F273D042A0098FEAE /* Build configuration list for PBXNativeTarget "photoCodeAppTests" */;
			buildPhases = (
				B4729724273D042A0098FEAE /* Sources */,
				B4729725273D042A0098FEAE /* Frameworks */,
				B4729726273D042A0098FEAE /* Resources */,
			);
			buildRules = (
			);
			dependencies = (
				B472972A273D042A0098FEAE /* PBXTargetDependency */,
			);
			name = photoCodeAppTests;
			productName = photoCodeAppTests;
			productReference = B4729728273D042A0098FEAE /* photoCodeAppTests.xctest */;
			productType = "com.apple.product-type.bundle.unit-test";
		};
		B4729732273D042A0098FEAE /* photoCodeAppUITests */ = {
			isa = PBXNativeTarget;
			buildConfigurationList = B4729742273D042A0098FEAE /* Build configuration list for PBXNativeTarget "photoCodeAppUITests" */;
			buildPhases = (
				B472972F273D042A0098FEAE /* Sources */,
				B4729730273D042A0098FEAE /* Frameworks */,
				B4729731273D042A0098FEAE /* Resources */,
			);
			buildRules = (
			);
			dependencies = (
				B4729735273D042A0098FEAE /* PBXTargetDependency */,
			);
			name = photoCodeAppUITests;
			productName = photoCodeAppUITests;
			productReference = B4729733273D042A0098FEAE /* photoCodeAppUITests.xctest */;
			productType = "com.apple.product-type.bundle.ui-testing";
		};
/* End PBXNativeTarget section */

/* Begin PBXProject section */
		B472970F273D04290098FEAE /* Project object */ = {
			isa = PBXProject;
			attributes = {
				LastSwiftUpdateCheck = 1240;
				LastUpgradeCheck = 1240;
				TargetAttributes = {
					B4729716273D04290098FEAE = {
						CreatedOnToolsVersion = 12.4;
					};
					B4729727273D042A0098FEAE = {
						CreatedOnToolsVersion = 12.4;
						TestTargetID = B4729716273D04290098FEAE;
					};
					B4729732273D042A0098FEAE = {
						CreatedOnToolsVersion = 12.4;
						TestTargetID = B4729716273D04290098FEAE;
					};
				};
			};
			buildConfigurationList = B4729712273D04290098FEAE /* Build configuration list for PBXProject "photoCodeApp" */;
			compatibilityVersion = "Xcode 9.3";
			developmentRegion = en;
			hasScannedForEncodings = 0;
			knownRegions = (
				en,
				Base,
			);
			mainGroup = B472970E273D04290098FEAE;
			productRefGroup = B4729718273D04290098FEAE /* Products */;
			projectDirPath = "";
			projectRoot = "";
			targets = (
				B4729716273D04290098FEAE /* photoCodeApp */,
				B4729727273D042A0098FEAE /* photoCodeAppTests */,
				B4729732273D042A0098FEAE /* photoCodeAppUITests */,
			);
		};
/* End PBXProject section */

/* Begin PBXResourcesBuildPhase section */
		B4729715273D04290098FEAE /* Resources */ = {
			isa = PBXResourcesBuildPhase;
			buildActionMask = 2147483647;
			files = (
				B4729722273D042A0098FEAE /* Preview Assets.xcassets in Resources */,
				B472971F273D042A0098FEAE /* Assets.xcassets in Resources */,
			);
			runOnlyForDeploymentPostprocessing = 0;
		};
		B4729726273D042A0098FEAE /* Resources */ = {
			isa = PBXResourcesBuildPhase;
			buildActionMask = 2147483647;
			files = (
			);
			runOnlyForDeploymentPostprocessing = 0;
		};
		B4729731273D042A0098FEAE /* Resources */ = {
			isa = PBXResourcesBuildPhase;
			buildActionMask = 2147483647;
			files = (
			);
			runOnlyForDeploymentPostprocessing = 0;
		};
/* End PBXResourcesBuildPhase section */

/* Begin PBXSourcesBuildPhase section */
		B4729713273D04290098FEAE /* Sources */ = {
			isa = PBXSourcesBuildPhase;
			buildActionMask = 2147483647;
			files = (
				B472976B273FA6A00098FEAE /* TextView.swift in Sources */,
				B472971D273D04290098FEAE /* ContentView.swift in Sources */,
				B472975A273D05760098FEAE /* SceneDelegate.swift in Sources */,
				B4EB87C8274255CE002648AD /* compilerView.swift in Sources */,
				B4EB87CC27425E3A002648AD /* CustomTextField.swift in Sources */,
				B4729750273D04AE0098FEAE /* ImagePicker.swift in Sources */,
				B472971B273D04290098FEAE /* photoCodeAppApp.swift in Sources */,
				B4729755273D05550098FEAE /* PhotoCaptureView.swift in Sources */,
			);
			runOnlyForDeploymentPostprocessing = 0;
		};
		B4729724273D042A0098FEAE /* Sources */ = {
			isa = PBXSourcesBuildPhase;
			buildActionMask = 2147483647;
			files = (
				B472972D273D042A0098FEAE /* photoCodeAppTests.swift in Sources */,
			);
			runOnlyForDeploymentPostprocessing = 0;
		};
		B472972F273D042A0098FEAE /* Sources */ = {
			isa = PBXSourcesBuildPhase;
			buildActionMask = 2147483647;
			files = (
				B4729738273D042A0098FEAE /* photoCodeAppUITests.swift in Sources */,
			);
			runOnlyForDeploymentPostprocessing = 0;
		};
/* End PBXSourcesBuildPhase section */

/* Begin PBXTargetDependency section */
		B472972A273D042A0098FEAE /* PBXTargetDependency */ = {
			isa = PBXTargetDependency;
			target = B4729716273D04290098FEAE /* photoCodeApp */;
			targetProxy = B4729729273D042A0098FEAE /* PBXContainerItemProxy */;
		};
		B4729735273D042A0098FEAE /* PBXTargetDependency */ = {
			isa = PBXTargetDependency;
			target = B4729716273D04290098FEAE /* photoCodeApp */;
			targetProxy = B4729734273D042A0098FEAE /* PBXContainerItemProxy */;
		};
/* End PBXTargetDependency section */

/* Begin XCBuildConfiguration section */
		B472973A273D042A0098FEAE /* Debug */ = {
			isa = XCBuildConfiguration;
			buildSettings = {
				ALWAYS_SEARCH_USER_PATHS = NO;
				CLANG_ANALYZER_NONNULL = YES;
				CLANG_ANALYZER_NUMBER_OBJECT_CONVERSION = YES_AGGRESSIVE;
				CLANG_CXX_LANGUAGE_STANDARD = "gnu++14";
				CLANG_CXX_LIBRARY = "libc++";
				CLANG_ENABLE_MODULES = YES;
				CLANG_ENABLE_OBJC_ARC = YES;
				CLANG_ENABLE_OBJC_WEAK = YES;
				CLANG_WARN_BLOCK_CAPTURE_AUTORELEASING = YES;
				CLANG_WARN_BOOL_CONVERSION = YES;
				CLANG_WARN_COMMA = YES;
				CLANG_WARN_CONSTANT_CONVERSION = YES;
				CLANG_WARN_DEPRECATED_OBJC_IMPLEMENTATIONS = YES;
				CLANG_WARN_DIRECT_OBJC_ISA_USAGE = YES_ERROR;
				CLANG_WARN_DOCUMENTATION_COMMENTS = YES;
				CLANG_WARN_EMPTY_BODY = YES;
				CLANG_WARN_ENUM_CONVERSION = YES;
				CLANG_WARN_INFINITE_RECURSION = YES;
				CLANG_WARN_INT_CONVERSION = YES;
				CLANG_WARN_NON_LITERAL_NULL_CONVERSION = YES;
				CLANG_WARN_OBJC_IMPLICIT_RETAIN_SELF = YES;
				CLANG_WARN_OBJC_LITERAL_CONVERSION = YES;
				CLANG_WARN_OBJC_ROOT_CLASS = YES_ERROR;
				CLANG_WARN_QUOTED_INCLUDE_IN_FRAMEWORK_HEADER = YES;
				CLANG_WARN_RANGE_LOOP_ANALYSIS = YES;
				CLANG_WARN_STRICT_PROTOTYPES = YES;
				CLANG_WARN_SUSPICIOUS_MOVE = YES;
				CLANG_WARN_UNGUARDED_AVAILABILITY = YES_AGGRESSIVE;
				CLANG_WARN_UNREACHABLE_CODE = YES;
				CLANG_WARN__DUPLICATE_METHOD_MATCH = YES;
				COPY_PHASE_STRIP = NO;
				DEBUG_INFORMATION_FORMAT = dwarf;
				ENABLE_STRICT_OBJC_MSGSEND = YES;
				ENABLE_TESTABILITY = YES;
				GCC_C_LANGUAGE_STANDARD = gnu11;
				GCC_DYNAMIC_NO_PIC = NO;
				GCC_NO_COMMON_BLOCKS = YES;
				GCC_OPTIMIZATION_LEVEL = 0;
				GCC_PREPROCESSOR_DEFINITIONS = (
					"DEBUG=1",
					"$(inherited)",
				);
				GCC_WARN_64_TO_32_BIT_CONVERSION = YES;
				GCC_WARN_ABOUT_RETURN_TYPE = YES_ERROR;
				GCC_WARN_UNDECLARED_SELECTOR = YES;
				GCC_WARN_UNINITIALIZED_AUTOS = YES_AGGRESSIVE;
				GCC_WARN_UNUSED_FUNCTION = YES;
				GCC_WARN_UNUSED_VARIABLE = YES;
				IPHONEOS_DEPLOYMENT_TARGET = 14.4;
				MTL_ENABLE_DEBUG_INFO = INCLUDE_SOURCE;
				MTL_FAST_MATH = YES;
				ONLY_ACTIVE_ARCH = YES;
				SDKROOT = iphoneos;
				SWIFT_ACTIVE_COMPILATION_CONDITIONS = DEBUG;
				SWIFT_OPTIMIZATION_LEVEL = "-Onone";
			};
			name = Debug;
		};
		B472973B273D042A0098FEAE /* Release */ = {
			isa = XCBuildConfiguration;
			buildSettings = {
				ALWAYS_SEARCH_USER_PATHS = NO;
				CLANG_ANALYZER_NONNULL = YES;
				CLANG_ANALYZER_NUMBER_OBJECT_CONVERSION = YES_AGGRESSIVE;
				CLANG_CXX_LANGUAGE_STANDARD = "gnu++14";
				CLANG_CXX_LIBRARY = "libc++";
				CLANG_ENABLE_MODULES = YES;
				CLANG_ENABLE_OBJC_ARC = YES;
				CLANG_ENABLE_OBJC_WEAK = YES;
				CLANG_WARN_BLOCK_CAPTURE_AUTORELEASING = YES;
				CLANG_WARN_BOOL_CONVERSION = YES;
				CLANG_WARN_COMMA = YES;
				CLANG_WARN_CONSTANT_CONVERSION = YES;
				CLANG_WARN_DEPRECATED_OBJC_IMPLEMENTATIONS = YES;
				CLANG_WARN_DIRECT_OBJC_ISA_USAGE = YES_ERROR;
				CLANG_WARN_DOCUMENTATION_COMMENTS = YES;
				CLANG_WARN_EMPTY_BODY = YES;
				CLANG_WARN_ENUM_CONVERSION = YES;
				CLANG_WARN_INFINITE_RECURSION = YES;
				CLANG_WARN_INT_CONVERSION = YES;
				CLANG_WARN_NON_LITERAL_NULL_CONVERSION = YES;
				CLANG_WARN_OBJC_IMPLICIT_RETAIN_SELF = YES;
				CLANG_WARN_OBJC_LITERAL_CONVERSION = YES;
				CLANG_WARN_OBJC_ROOT_CLASS = YES_ERROR;
				CLANG_WARN_QUOTED_INCLUDE_IN_FRAMEWORK_HEADER = YES;
				CLANG_WARN_RANGE_LOOP_ANALYSIS = YES;
				CLANG_WARN_STRICT_PROTOTYPES = YES;
				CLANG_WARN_SUSPICIOUS_MOVE = YES;
				CLANG_WARN_UNGUARDED_AVAILABILITY = YES_AGGRESSIVE;
				CLANG_WARN_UNREACHABLE_CODE = YES;
				CLANG_WARN__DUPLICATE_METHOD_MATCH = YES;
				COPY_PHASE_STRIP = NO;
				DEBUG_INFORMATION_FORMAT = "dwarf-with-dsym";
				ENABLE_NS_ASSERTIONS = NO;
				ENABLE_STRICT_OBJC_MSGSEND = YES;
				GCC_C_LANGUAGE_STANDARD = gnu11;
				GCC_NO_COMMON_BLOCKS = YES;
				GCC_WARN_64_TO_32_BIT_CONVERSION = YES;
				GCC_WARN_ABOUT_RETURN_TYPE = YES_ERROR;
				GCC_WARN_UNDECLARED_SELECTOR = YES;
				GCC_WARN_UNINITIALIZED_AUTOS = YES_AGGRESSIVE;
				GCC_WARN_UNUSED_FUNCTION = YES;
				GCC_WARN_UNUSED_VARIABLE = YES;
				IPHONEOS_DEPLOYMENT_TARGET = 14.4;
				MTL_ENABLE_DEBUG_INFO = NO;
				MTL_FAST_MATH = YES;
				SDKROOT = iphoneos;
				SWIFT_COMPILATION_MODE = wholemodule;
				SWIFT_OPTIMIZATION_LEVEL = "-O";
				VALIDATE_PRODUCT = YES;
			};
			name = Release;
		};
		B472973D273D042A0098FEAE /* Debug */ = {
			isa = XCBuildConfiguration;
			buildSettings = {
				ASSETCATALOG_COMPILER_APPICON_NAME = AppIcon;
				ASSETCATALOG_COMPILER_GLOBAL_ACCENT_COLOR_NAME = AccentColor;
				CODE_SIGN_STYLE = Automatic;
				DEVELOPMENT_ASSET_PATHS = "\"photoCodeApp/Preview Content\"";
				DEVELOPMENT_TEAM = 7ZCDLC2682;
				ENABLE_PREVIEWS = YES;
				INFOPLIST_FILE = photoCodeApp/Info.plist;
				IPHONEOS_DEPLOYMENT_TARGET = 14.0;
				LD_RUNPATH_SEARCH_PATHS = (
					"$(inherited)",
					"@executable_path/Frameworks",
				);
				PRODUCT_BUNDLE_IDENTIFIER = appTest.photoCodeApp;
				PRODUCT_NAME = "$(TARGET_NAME)";
				SWIFT_VERSION = 5.0;
				TARGETED_DEVICE_FAMILY = "1,2";
			};
			name = Debug;
		};
		B472973E273D042A0098FEAE /* Release */ = {
			isa = XCBuildConfiguration;
			buildSettings = {
				ASSETCATALOG_COMPILER_APPICON_NAME = AppIcon;
				ASSETCATALOG_COMPILER_GLOBAL_ACCENT_COLOR_NAME = AccentColor;
				CODE_SIGN_STYLE = Automatic;
				DEVELOPMENT_ASSET_PATHS = "\"photoCodeApp/Preview Content\"";
				DEVELOPMENT_TEAM = 7ZCDLC2682;
				ENABLE_PREVIEWS = YES;
				INFOPLIST_FILE = photoCodeApp/Info.plist;
				IPHONEOS_DEPLOYMENT_TARGET = 14.0;
				LD_RUNPATH_SEARCH_PATHS = (
					"$(inherited)",
					"@executable_path/Frameworks",
				);
				PRODUCT_BUNDLE_IDENTIFIER = appTest.photoCodeApp;
				PRODUCT_NAME = "$(TARGET_NAME)";
				SWIFT_VERSION = 5.0;
				TARGETED_DEVICE_FAMILY = "1,2";
			};
			name = Release;
		};
		B4729740273D042A0098FEAE /* Debug */ = {
			isa = XCBuildConfiguration;
			buildSettings = {
				ALWAYS_EMBED_SWIFT_STANDARD_LIBRARIES = YES;
				BUNDLE_LOADER = "$(TEST_HOST)";
				CODE_SIGN_STYLE = Automatic;
				DEVELOPMENT_TEAM = 7ZCDLC2682;
				INFOPLIST_FILE = photoCodeAppTests/Info.plist;
				IPHONEOS_DEPLOYMENT_TARGET = 14.0;
				LD_RUNPATH_SEARCH_PATHS = (
					"$(inherited)",
					"@executable_path/Frameworks",
					"@loader_path/Frameworks",
				);
				PRODUCT_BUNDLE_IDENTIFIER = appTest.photoCodeAppTests;
				PRODUCT_NAME = "$(TARGET_NAME)";
				SWIFT_VERSION = 5.0;
				TARGETED_DEVICE_FAMILY = "1,2";
				TEST_HOST = "$(BUILT_PRODUCTS_DIR)/photoCodeApp.app/photoCodeApp";
			};
			name = Debug;
		};
		B4729741273D042A0098FEAE /* Release */ = {
			isa = XCBuildConfiguration;
			buildSettings = {
				ALWAYS_EMBED_SWIFT_STANDARD_LIBRARIES = YES;
				BUNDLE_LOADER = "$(TEST_HOST)";
				CODE_SIGN_STYLE = Automatic;
				DEVELOPMENT_TEAM = 7ZCDLC2682;
				INFOPLIST_FILE = photoCodeAppTests/Info.plist;
				IPHONEOS_DEPLOYMENT_TARGET = 14.0;
				LD_RUNPATH_SEARCH_PATHS = (
					"$(inherited)",
					"@executable_path/Frameworks",
					"@loader_path/Frameworks",
				);
				PRODUCT_BUNDLE_IDENTIFIER = appTest.photoCodeAppTests;
				PRODUCT_NAME = "$(TARGET_NAME)";
				SWIFT_VERSION = 5.0;
				TARGETED_DEVICE_FAMILY = "1,2";
				TEST_HOST = "$(BUILT_PRODUCTS_DIR)/photoCodeApp.app/photoCodeApp";
			};
			name = Release;
		};
		B4729743273D042A0098FEAE /* Debug */ = {
			isa = XCBuildConfiguration;
			buildSettings = {
				ALWAYS_EMBED_SWIFT_STANDARD_LIBRARIES = YES;
				CODE_SIGN_STYLE = Automatic;
				DEVELOPMENT_TEAM = 7ZCDLC2682;
				INFOPLIST_FILE = photoCodeAppUITests/Info.plist;
				LD_RUNPATH_SEARCH_PATHS = (
					"$(inherited)",
					"@executable_path/Frameworks",
					"@loader_path/Frameworks",
				);
				PRODUCT_BUNDLE_IDENTIFIER = appTest.photoCodeAppUITests;
				PRODUCT_NAME = "$(TARGET_NAME)";
				SWIFT_VERSION = 5.0;
				TARGETED_DEVICE_FAMILY = "1,2";
				TEST_TARGET_NAME = photoCodeApp;
			};
			name = Debug;
		};
		B4729744273D042A0098FEAE /* Release */ = {
			isa = XCBuildConfiguration;
			buildSettings = {
				ALWAYS_EMBED_SWIFT_STANDARD_LIBRARIES = YES;
				CODE_SIGN_STYLE = Automatic;
				DEVELOPMENT_TEAM = 7ZCDLC2682;
				INFOPLIST_FILE = photoCodeAppUITests/Info.plist;
				LD_RUNPATH_SEARCH_PATHS = (
					"$(inherited)",
					"@executable_path/Frameworks",
					"@loader_path/Frameworks",
				);
				PRODUCT_BUNDLE_IDENTIFIER = appTest.photoCodeAppUITests;
				PRODUCT_NAME = "$(TARGET_NAME)";
				SWIFT_VERSION = 5.0;
				TARGETED_DEVICE_FAMILY = "1,2";
				TEST_TARGET_NAME = photoCodeApp;
			};
			name = Release;
		};
/* End XCBuildConfiguration section */

/* Begin XCConfigurationList section */
		B4729712273D04290098FEAE /* Build configuration list for PBXProject "photoCodeApp" */ = {
			isa = XCConfigurationList;
			buildConfigurations = (
				B472973A273D042A0098FEAE /* Debug */,
				B472973B273D042A0098FEAE /* Release */,
			);
			defaultConfigurationIsVisible = 0;
			defaultConfigurationName = Release;
		};
		B472973C273D042A0098FEAE /* Build configuration list for PBXNativeTarget "photoCodeApp" */ = {
			isa = XCConfigurationList;
			buildConfigurations = (
				B472973D273D042A0098FEAE /* Debug */,
				B472973E273D042A0098FEAE /* Release */,
			);
			defaultConfigurationIsVisible = 0;
			defaultConfigurationName = Release;
		};
		B472973F273D042A0098FEAE /* Build configuration list for PBXNativeTarget "photoCodeAppTests" */ = {
			isa = XCConfigurationList;
			buildConfigurations = (
				B4729740273D042A0098FEAE /* Debug */,
				B4729741273D042A0098FEAE /* Release */,
			);
			defaultConfigurationIsVisible = 0;
			defaultConfigurationName = Release;
		};
		B4729742273D042A0098FEAE /* Build configuration list for PBXNativeTarget "photoCodeAppUITests" */ = {
			isa = XCConfigurationList;
			buildConfigurations = (
				B4729743273D042A0098FEAE /* Debug */,
				B4729744273D042A0098FEAE /* Release */,
			);
			defaultConfigurationIsVisible = 0;
			defaultConfigurationName = Release;
		};
/* End XCConfigurationList section */
	};
	rootObject = B472970F273D04290098FEAE /* Project object */;
}
